# This file is autogenerated, do not edit; changes may be undone by the next 'dep ensure'.


[[projects]]
  branch = "master"
  digest = "1:4a482cdf2f8d591878819d27edcf4b269ef5e1fc4efcbee3a71bcc93f2c4b7e4"
  name = "github.com/WUMUXIAN/go-common-utils"
  packages = ["codec"]
  pruneopts = "UT"
  revision = "dbf7b9fce5886daf96517b210bdfd2e78c39aea8"

[solve-meta]
  analyzer-name = "dep"
  analyzer-version = 1
  input-imports = ["github.com/WUMUXIAN/go-common-utils/codec"]
  solver-name = "gps-cdcl"
  solver-version = 1
